
Microsoft Visual Studio Solution File, Format Version 12.00
Project("{FAE04EC0-301F-11D3-BF4B-00C04F79EFBC}") = "CachingWriteup", "CachingWriteup\CachingWriteup.csproj", "{D28CB761-09C0-4064-8937-E976954ADD69}"
EndProject
Global
	GlobalSection(SolutionConfigurationPlatforms) = preSolution
		Debug|Any CPU = Debug|Any CPU
		Release|Any CPU = Release|Any CPU
	EndGlobalSection
	GlobalSection(ProjectConfigurationPlatforms) = postSolution
		{D28CB761-09C0-4064-8937-E976954ADD69}.Debug|Any CPU.ActiveCfg = Debug|Any CPU
		{D28CB761-09C0-4064-8937-E976954ADD69}.Debug|Any CPU.Build.0 = Debug|Any CPU
		{D28CB761-09C0-4064-8937-E976954ADD69}.Release|Any CPU.ActiveCfg = Release|Any CPU
		{D28CB761-09C0-4064-8937-E976954ADD69}.Release|Any CPU.Build.0 = Release|Any CPU
	EndGlobalSection
EndGlobal
